
Microsoft Visual Studio Solution File, Format Version 12.00
# Visual Studio 15
VisualStudioVersion = 15.0.27130.2027
MinimumVisualStudioVersion = 10.0.40219.1
Project("{FAE04EC0-301F-11D3-BF4B-00C04F79EFBC}") = "Labyrinth", "Labyrinth\Labyrinth.csproj", "{A6553166-1511-432A-960F-B2B38264ED1C}"
EndProject
Project("{FAE04EC0-301F-11D3-BF4B-00C04F79EFBC}") = "UnitTestLabyrinth", "UnitTestLabyrinth\UnitTestLabyrinth.csproj", "{038EB653-2D36-42EA-A319-F4B3C248DDBD}"
EndProject
Global
	GlobalSection(SolutionConfigurationPlatforms) = preSolution
		Debug|Any CPU = Debug|Any CPU
		Release|Any CPU = Release|Any CPU
	EndGlobalSection
	GlobalSection(ProjectConfigurationPlatforms) = postSolution
		{A6553166-1511-432A-960F-B2B38264ED1C}.Debug|Any CPU.ActiveCfg = Debug|Any CPU
		{A6553166-1511-432A-960F-B2B38264ED1C}.Debug|Any CPU.Build.0 = Debug|Any CPU
		{A6553166-1511-432A-960F-B2B38264ED1C}.Release|Any CPU.ActiveCfg = Release|Any CPU
		{A6553166-1511-432A-960F-B2B38264ED1C}.Release|Any CPU.Build.0 = Release|Any CPU
		{038EB653-2D36-42EA-A319-F4B3C248DDBD}.Debug|Any CPU.ActiveCfg = Debug|Any CPU
		{038EB653-2D36-42EA-A319-F4B3C248DDBD}.Debug|Any CPU.Build.0 = Debug|Any CPU
		{038EB653-2D36-42EA-A319-F4B3C248DDBD}.Release|Any CPU.ActiveCfg = Release|Any CPU
		{038EB653-2D36-42EA-A319-F4B3C248DDBD}.Release|Any CPU.Build.0 = Release|Any CPU
	EndGlobalSection
	GlobalSection(SolutionProperties) = preSolution
		HideSolutionNode = FALSE
	EndGlobalSection
	GlobalSection(ExtensibilityGlobals) = postSolution
		SolutionGuid = {5BFB027F-DAA6-4FD3-B474-02929DCD7497}
	EndGlobalSection
EndGlobal
